
Microsoft Visual Studio Solution File, Format Version 11.00
# Visual Studio 2010
Project("{FAE04EC0-301F-11D3-BF4B-00C04F79EFBC}") = "SiteAction", "SiteAction\SiteAction.csproj", "{19DA939E-2BA0-4E88-AB1C-2416468244D5}"
EndProject
Project("{FAE04EC0-301F-11D3-BF4B-00C04F79EFBC}") = "SiteActionMenu", "SiteActionMenu\SiteActionMenu.csproj", "{075DABDD-AA8E-4F7D-B071-06B5C9330FDC}"
EndProject
Global
	GlobalSection(SolutionConfigurationPlatforms) = preSolution
		Debug|Any CPU = Debug|Any CPU
		Release|Any CPU = Release|Any CPU
	EndGlobalSection
	GlobalSection(ProjectConfigurationPlatforms) = postSolution
		{19DA939E-2BA0-4E88-AB1C-2416468244D5}.Debug|Any CPU.ActiveCfg = Debug|Any CPU
		{19DA939E-2BA0-4E88-AB1C-2416468244D5}.Debug|Any CPU.Build.0 = Debug|Any CPU
		{19DA939E-2BA0-4E88-AB1C-2416468244D5}.Release|Any CPU.ActiveCfg = Release|Any CPU
		{19DA939E-2BA0-4E88-AB1C-2416468244D5}.Release|Any CPU.Build.0 = Release|Any CPU
		{075DABDD-AA8E-4F7D-B071-06B5C9330FDC}.Debug|Any CPU.ActiveCfg = Debug|Any CPU
		{075DABDD-AA8E-4F7D-B071-06B5C9330FDC}.Debug|Any CPU.Build.0 = Debug|Any CPU
		{075DABDD-AA8E-4F7D-B071-06B5C9330FDC}.Debug|Any CPU.Deploy.0 = Debug|Any CPU
		{075DABDD-AA8E-4F7D-B071-06B5C9330FDC}.Release|Any CPU.ActiveCfg = Release|Any CPU
		{075DABDD-AA8E-4F7D-B071-06B5C9330FDC}.Release|Any CPU.Build.0 = Release|Any CPU
		{075DABDD-AA8E-4F7D-B071-06B5C9330FDC}.Release|Any CPU.Deploy.0 = Release|Any CPU
	EndGlobalSection
	GlobalSection(SolutionProperties) = preSolution
		HideSolutionNode = FALSE
	EndGlobalSection
EndGlobal
